# @generated - this file is auto-generated by `mise lock` https://mise.jdx.dev/dev-tools/mise-lock.html

lockfile_version = 2

[[tools."aqua:Wilfred/difftastic"]]
version = "0.70.0"
backend = "aqua:Wilfred/difftastic"
specifiers = ["0.70.0"]

[tools."aqua:Wilfred/difftastic"."platforms.macos-arm64"]
checksum = "sha256:1921267221fcb5779d30c4dcc0b3b4620abbe851ffd5596a4715576581518f51"
url = "https://github.com/Wilfred/difftastic/releases/download/0.70.0/difft-aarch64-apple-darwin.tar.gz"
url_api = "https://api.github.com/repos/Wilfred/difftastic/releases/assets/505661300"

[[tools."aqua:jesseduffield/lazygit"]]
version = "0.65.1"
backend = "aqua:jesseduffield/lazygit"
specifiers = ["0.65.1"]

[tools."aqua:jesseduffield/lazygit"."platforms.macos-arm64"]
checksum = "sha256:65a367c6ea9a88efebaaf7998a6835eedb987e04916cef677264ff9b31b1b13e"
url = "https://github.com/jesseduffield/lazygit/releases/download/v0.65.1/lazygit_0.65.1_darwin_arm64.tar.gz"
url_api = "https://api.github.com/repos/jesseduffield/lazygit/releases/assets/560658243"

[[tools.atuin]]
version = "18.22.0"
backend = "aqua:atuinsh/atuin"
specifiers = ["18.22.0"]

[tools.atuin."platforms.macos-arm64"]
checksum = "sha256:5e6e525f60147351f114397e7f09aeded87f302e99ef83a5eee74c524b805812"
url = "https://github.com/atuinsh/atuin/releases/download/v18.22.0/atuin-aarch64-apple-darwin.tar.gz"
url_api = "https://api.github.com/repos/atuinsh/atuin/releases/assets/553690857"
provenance = "github-attestations"

[[tools.bat]]
version = "0.26.1"
backend = "aqua:sharkdp/bat"
specifiers = ["0.26.1"]

[tools.bat."platforms.macos-arm64"]
checksum = "sha256:e30beff26779c9bf60bb541e1d79046250cb74378f2757f8eb250afddb19e114"
url = "https://github.com/sharkdp/bat/releases/download/v0.26.1/bat-v0.26.1-aarch64-apple-darwin.tar.gz"
url_api = "https://api.github.com/repos/sharkdp/bat/releases/assets/323548442"

[[tools.dua]]
version = "2.45.0"
backend = "aqua:Byron/dua-cli"
specifiers = ["2.45.0"]

[tools.dua."platforms.macos-arm64"]
checksum = "sha256:2b7bdeae33a856cd2e5986b21c76758dca48ba1f688af77f58bec08294fac2f8"
url = "https://github.com/Byron/dua-cli/releases/download/v2.45.0/dua-v2.45.0-aarch64-apple-darwin.tar.gz"
url_api = "https://api.github.com/repos/Byron/dua-cli/releases/assets/559564118"
provenance = "github-attestations"

[[tools.fastfetch]]
version = "2.68.1"
backend = "aqua:fastfetch-cli/fastfetch"
specifiers = ["2.68.1"]

[tools.fastfetch."platforms.macos-arm64"]
checksum = "sha256:22426608dca945e0531af37054e21a2727aa7bb30179efaf44de7f59163be5fe"
url = "https://github.com/fastfetch-cli/fastfetch/releases/download/2.68.1/fastfetch-macos-aarch64.tar.gz"
url_api = "https://api.github.com/repos/fastfetch-cli/fastfetch/releases/assets/539503362"

[[tools.fd]]
version = "10.5.0"
backend = "aqua:sharkdp/fd"
specifiers = ["10.5.0"]

[tools.fd."platforms.macos-arm64"]
checksum = "sha256:b67e1836c468e42e411984b56e52fa7abec08c2bd22c867398e7cc134aac5e12"
url = "https://github.com/sharkdp/fd/releases/download/v10.5.0/fd-v10.5.0-aarch64-apple-darwin.tar.gz"
url_api = "https://api.github.com/repos/sharkdp/fd/releases/assets/530481346"

[[tools.fzf]]
version = "0.74.4"
backend = "aqua:junegunn/fzf"
specifiers = ["0.74.4"]

[tools.fzf."platforms.macos-arm64"]
checksum = "sha256:4f6a113bfc0c7959e0005c78d566a51afc4fcefc956f43735c62a9deb19e92ae"
url = "https://github.com/junegunn/fzf/releases/download/v0.74.4/fzf-0.74.4-darwin_arm64.tar.gz"
url_api = "https://api.github.com/repos/junegunn/fzf/releases/assets/558287774"

[[tools.gh]]
version = "2.101.0"
backend = "aqua:cli/cli"
specifiers = ["2.101.0"]

[tools.gh."platforms.macos-arm64"]
checksum = "sha256:e4303e39d8f07141c4bad4b99b01079f05029c59b27076e8fbc825c985ecdd8b"
url = "https://github.com/cli/cli/releases/download/v2.101.0/gh_2.101.0_macOS_arm64.zip"
url_api = "https://api.github.com/repos/cli/cli/releases/assets/565857200"
provenance = "github-attestations"

[[tools.git-lfs]]
version = "3.8.0"
backend = "aqua:git-lfs/git-lfs"
specifiers = ["3.8.0"]

[tools.git-lfs."platforms.macos-arm64"]
checksum = "sha256:caff76a7d070d8160c89bc39b6e85d98f24135b6fed038a3b4de2590d25102d8"
url = "https://github.com/git-lfs/git-lfs/releases/download/v3.8.0/git-lfs-darwin-arm64-v3.8.0.zip"
url_api = "https://api.github.com/repos/git-lfs/git-lfs/releases/assets/532993595"

[[tools.gitleaks]]
version = "8.30.1"
backend = "aqua:gitleaks/gitleaks"
specifiers = ["8.30.1"]

[tools.gitleaks."platforms.macos-arm64"]
checksum = "sha256:b40ab0ae55c505963e365f271a8d3846efbc170aa17f2607f13df610a9aeb6a5"
url = "https://github.com/gitleaks/gitleaks/releases/download/v8.30.1/gitleaks_8.30.1_darwin_arm64.tar.gz"
url_api = "https://api.github.com/repos/gitleaks/gitleaks/releases/assets/378332059"

[[tools.helix]]
version = "25.07.1"
backend = "aqua:helix-editor/helix"
specifiers = ["25.07.1"]

[tools.helix."platforms.macos-arm64"]
checksum = "sha256:00b1651b4fdbbe0a2ae981c8e76b858bd26a7c33f5b3583f3b6bb9137d54f1ff"
url = "https://github.com/helix-editor/helix/releases/download/25.07.1/helix-25.07.1-aarch64-macos.tar.xz"
url_api = "https://api.github.com/repos/helix-editor/helix/releases/assets/274144403"

[[tools.java]]
version = "temurin-21.0.12+101.0.LTS"
backend = "core:java"
specifiers = ["temurin-21"]

[tools.java."platforms.macos-arm64"]
checksum = "sha256:3623232f33a9c3baadf304480b2535f9a3cba8a58d42ecbb438ba267315d9998"
url = "https://github.com/adoptium/temurin21-binaries/releases/download/jdk-21.0.12.1%2B1/OpenJDK21U-jdk_aarch64_mac_hotspot_21.0.12.1_1.tar.gz"

[[tools.jq]]
version = "1.8.2"
backend = "aqua:jqlang/jq"
specifiers = ["1.8.2"]

[tools.jq."platforms.macos-arm64"]
checksum = "sha256:2d75340ba57a4b4b4c8708a21c2dc8e958a48aaa8bba13b27f77f6e4c0eca07e"
url = "https://github.com/jqlang/jq/releases/download/jq-1.8.2/jq-macos-arm64"
url_api = "https://api.github.com/repos/jqlang/jq/releases/assets/453012783"
provenance = "github-attestations"

[[tools.node]]
version = "24.21.0"
backend = "core:node"
specifiers = ["lts"]

[tools.node."platforms.macos-arm64"]
checksum = "sha256:bed7eea5325e1108f32ce5228ddd6a5f0f08a499ee42aa7442aea583702f6057"
url = "https://nodejs.org/dist/v24.21.0/node-v24.21.0-darwin-arm64.tar.gz"

[[tools."npm:corepack"]]
version = "0.34.6"
aube = { path = "locks/npm-corepack/0.34.6", digest = "sha256:a55febacdb2d8019aed8adefd786272469539b80db37a31d6a851af451595f50" }
backend = "npm:corepack"
specifiers = ["0.34.6"]

[[tools."npm:pyright"]]
version = "1.1.410"
aube = { path = "locks/npm-pyright/1.1.410", digest = "sha256:d4e7777da8d788ad97e4b9e684294f456cc71e5d567fbd247178caf168fe8127" }
backend = "npm:pyright"
specifiers = ["1.1.410"]

[[tools.prek]]
version = "0.5.3"
backend = "aqua:j178/prek"
specifiers = ["0.5.3"]

[tools.prek."platforms.macos-arm64"]
checksum = "sha256:6006cc4e69cfc86d55f4e407ca60ba960a521befa54fece94038639b1f4de381"
url = "https://github.com/j178/prek/releases/download/v0.5.3/prek-aarch64-apple-darwin.tar.gz"
url_api = "https://api.github.com/repos/j178/prek/releases/assets/560889174"
provenance = "github-attestations"

[[tools."pypi:httpie"]]
version = "3.2.4"
backend = "pypi:httpie"
specifiers = ["3.2.4"]
uv = { path = "locks/pypi-httpie/3.2.4", digest = "sha256:72687de63d31fd5d48efaf16b1e297b219c0ebb67fa119854c2af8de4e4e1d89" }

[[tools."pypi:huggingface-hub"]]
version = "1.31.0"
backend = "pypi:huggingface-hub"
specifiers = ["1.31.0"]
uv = { path = "locks/pypi-huggingface-hub/1.31.0", digest = "sha256:cbff0c2e6833688c150967b928ad17c969e5331f868afd280750dbb2b0d21648" }

[[tools."pypi:ipython"]]
version = "9.17.1"
backend = "pypi:ipython"
specifiers = ["9.17.1"]
uv = { path = "locks/pypi-ipython/9.17.1", digest = "sha256:7bf45c6cf22845b5fc39b1abba16ff25da75bbe10cef541fdc67c81ffa64189b" }

[[tools."pypi:maturin"]]
version = "1.15.0"
backend = "pypi:maturin"
specifiers = ["1.15.0"]
uv = { path = "locks/pypi-maturin/1.15.0", digest = "sha256:ddff37d03601cb7132821a534349606ee974341d1af497a7e36d61ba1e3628c4" }

[[tools."pypi:mypy"]]
version = "2.3.1"
backend = "pypi:mypy"
specifiers = ["2.3.1"]
uv = { path = "locks/pypi-mypy/2.3.1", digest = "sha256:217c062452f91165e4348fff59f569b54a1d578600c9d01e8b47050455cf4835" }

[[tools."pypi:pytest"]]
version = "9.1.1"
backend = "pypi:pytest"
specifiers = ["9.1.1"]
uv = { path = "locks/pypi-pytest/9.1.1", digest = "sha256:b8b4af16867ae1489c36b26f1b5bcec7c8d0d9ec072b22f45bdef4fb02a7a62d" }

[[tools."pypi:python-dotenv"]]
version = "1.2.3"
backend = "pypi:python-dotenv"
specifiers = ["1.2.3"]
uv = { path = "locks/pypi-python-dotenv/1.2.3~503ed615", digest = "sha256:cd1e77c5f7f1bb20cf1aeb0b5e089e4b5e518e2d8f515aa1abd6698ee4110e90" }

[tools."pypi:python-dotenv".options]
extras = "cli"

[[tools."pypi:ruff"]]
version = "0.16.8"
backend = "pypi:ruff"
specifiers = ["0.16.8"]
uv = { path = "locks/pypi-ruff/0.16.8", digest = "sha256:0d39fc1160d29a49d842c4b6de82a929350deb95cdee5f718af1e6067c9039e3" }

[[tools.python]]
version = "3.13.15"
backend = "core:python"
specifiers = ["3.13"]

[tools.python."platforms.macos-arm64"]
checksum = "sha256:d3904bd6a072246e07aa0bdadee9a14e80521e42a943c0848059feb16a2816dc"
url = "https://github.com/astral-sh/python-build-standalone/releases/download/20260901/cpython-3.13.15+20260901-aarch64-apple-darwin-install_only_stripped.tar.gz"
provenance = "github-attestations"

[[tools.ripgrep]]
version = "15.2.0"
backend = "aqua:BurntSushi/ripgrep"
specifiers = ["15.2.0"]

[tools.ripgrep."platforms.macos-arm64"]
checksum = "sha256:3750b2e93f37e0c692657da574d7019a101c0084da05a790c83fd335bad973e4"
url = "https://github.com/BurntSushi/ripgrep/releases/download/15.2.0/ripgrep-15.2.0-aarch64-apple-darwin.tar.gz"
url_api = "https://api.github.com/repos/BurntSushi/ripgrep/releases/assets/478118851"

[[tools.rust]]
version = "stable"
backend = "core:rust"
specifiers = ["stable"]

[[tools.shellcheck]]
version = "0.11.0"
backend = "aqua:koalaman/shellcheck"
specifiers = ["0.11.0"]

[tools.shellcheck."platforms.macos-arm64"]
checksum = "sha256:56affdd8de5527894dca6dc3d7e0a99a873b0f004d7aabc30ae407d3f48b0a79"
url = "https://github.com/koalaman/shellcheck/releases/download/v0.11.0/shellcheck-v0.11.0.darwin.aarch64.tar.xz"
url_api = "https://api.github.com/repos/koalaman/shellcheck/releases/assets/279056932"

[[tools.starship]]
version = "1.26.0"
backend = "aqua:starship/starship"
specifiers = ["1.26.0"]

[tools.starship."platforms.macos-arm64"]
checksum = "sha256:c40b27b11f580411e068f2fa6c1be7830a387c0bc47a94d1d37f32b054c5361d"
url = "https://github.com/starship/starship/releases/download/v1.26.0/starship-aarch64-apple-darwin.tar.gz"
url_api = "https://api.github.com/repos/starship/starship/releases/assets/460374577"

[[tools.tealdeer]]
version = "1.9.0"
backend = "aqua:tealdeer-rs/tealdeer"
specifiers = ["1.9.0"]

[tools.tealdeer."platforms.macos-arm64"]
checksum = "sha256:e6c6d9bf6d0267a38d5709c2b8334467fedd456927429ab426ff823201c13a40"
url = "https://github.com/tealdeer-rs/tealdeer/releases/download/v1.9.0/tealdeer-macos-aarch64"
url_api = "https://api.github.com/repos/tealdeer-rs/tealdeer/releases/assets/527792693"

[[tools.uv]]
version = "0.12.15"
backend = "aqua:astral-sh/uv"
specifiers = ["0.12.15"]

[tools.uv."platforms.macos-arm64"]
checksum = "sha256:dc304b9ed1b24174572290fba60ac3f6fe63c73a671f0439e62a91375841964d"
url = "https://github.com/astral-sh/uv/releases/download/0.12.15/uv-aarch64-apple-darwin.tar.gz"
url_api = "https://api.github.com/repos/astral-sh/uv/releases/assets/565630750"
provenance = "github-attestations"

[[tools.yq]]
version = "4.53.6"
backend = "aqua:mikefarah/yq"
specifiers = ["4.53.6"]

[tools.yq."platforms.macos-arm64"]
checksum = "sha256:cceb0b8d71ea5294334121f8429f33f92b920e7217d904a2f9f35443968ac424"
url = "https://github.com/mikefarah/yq/releases/download/v4.53.6/yq_darwin_arm64"
url_api = "https://api.github.com/repos/mikefarah/yq/releases/assets/522028033"
provenance = "cosign"

[[tools.zoxide]]
version = "0.10.0"
backend = "aqua:ajeetdsouza/zoxide"
specifiers = ["0.10.0"]

[tools.zoxide."platforms.macos-arm64"]
checksum = "sha256:b55ae6f2f5f23d0a6ccb3bd4eeb2af9c7e0a6556e5255c82100e40305129bbb0"
url = "https://github.com/ajeetdsouza/zoxide/releases/download/v0.10.0/zoxide-0.10.0-aarch64-apple-darwin.tar.gz"
url_api = "https://api.github.com/repos/ajeetdsouza/zoxide/releases/assets/466316174"
