lockfileVersion: '9.0'

settings:
  autoInstallPeers: true
  excludeLinksFromLockfile: false

importers:

  .:
    dependencies:
      corepack:
        specifier: 0.34.6
        version: 0.34.6

packages:

  corepack@0.34.6:
    resolution: {integrity: sha512-gvylq9kzJB09mSsiOnKOnhg0YdCWNy2aGaeGbYF4HlyGd/v4moxEonQjJPYI45/K4zP7q1hW9qCVvaYYKK5nkA==}
    engines: {node: ^20.10.0 || ^22.11.0 || >=24.0.0}
    hasBin: true

snapshots:

  corepack@0.34.6: {}
