lockfileVersion: '9.0'

settings:
  autoInstallPeers: true
  excludeLinksFromLockfile: false

importers:

  .:
    dependencies:
      corepack:
        specifier: 0.36.0
        version: 0.36.0

packages:

  corepack@0.36.0:
    resolution: {integrity: sha512-SiiJsBhZqdBiPHTEl6OT3sASrRrKIcYTQMsVGXx6EE/gM8WFMwYjeIX8Tt8RiU4Iv2J6LbT8KpGfCOsBpRWB/w==}
    engines: {node: ^22.22.2 || ^24.15.0 || >=26.0.0}
    hasBin: true

snapshots:

  corepack@0.36.0: {}
